
Microsoft Visual Studio Solution File, Format Version 12.00
# Visual Studio Version 17
VisualStudioVersion = 17.0.31903.59
MinimumVisualStudioVersion = 10.0.40219.1
Project("{2150E333-8FDC-42A3-9474-1A3956D46DE8}") = "src", "src", "{CEEC11B6-7DE5-4B50-9855-802FCADE5517}"
EndProject
Project("{FAE04EC0-301F-11D3-BF4B-00C04F79EFBC}") = "Uuill.App", "src\Uuill.App\Uuill.App.csproj", "{8E38A27E-875F-4D1C-BC48-48F5963785CA}"
EndProject
Global
	GlobalSection(SolutionConfigurationPlatforms) = preSolution
		Debug|Any CPU = Debug|Any CPU
		Release|Any CPU = Release|Any CPU
	EndGlobalSection
	GlobalSection(SolutionProperties) = preSolution
		HideSolutionNode = FALSE
	EndGlobalSection
	GlobalSection(ProjectConfigurationPlatforms) = postSolution
		{8E38A27E-875F-4D1C-BC48-48F5963785CA}.Debug|Any CPU.ActiveCfg = Debug|Any CPU
		{8E38A27E-875F-4D1C-BC48-48F5963785CA}.Debug|Any CPU.Build.0 = Debug|Any CPU
		{8E38A27E-875F-4D1C-BC48-48F5963785CA}.Release|Any CPU.ActiveCfg = Release|Any CPU
		{8E38A27E-875F-4D1C-BC48-48F5963785CA}.Release|Any CPU.Build.0 = Release|Any CPU
	EndGlobalSection
	GlobalSection(NestedProjects) = preSolution
		{8E38A27E-875F-4D1C-BC48-48F5963785CA} = {CEEC11B6-7DE5-4B50-9855-802FCADE5517}
	EndGlobalSection
EndGlobal
